
Microsoft Visual Studio Solution File, Format Version 12.00
# Visual Studio Version 16
VisualStudioVersion = 16.0.31911.196
MinimumVisualStudioVersion = 10.0.40219.1
Project("{9A19103F-16F7-4668-BE54-9A1E7A4F7556}") = "KampIntro", "KampIntro\KampIntro.csproj", "{BB27E1A7-8481-4C31-A9F2-57DD8481FAE5}"
EndProject
Project("{9A19103F-16F7-4668-BE54-9A1E7A4F7556}") = "Loops", "Loops\Loops.csproj", "{BC7361D9-FC65-4816-A632-6F24483E238B}"
EndProject
Project("{9A19103F-16F7-4668-BE54-9A1E7A4F7556}") = "ClassIntro", "ClassIntro\ClassIntro.csproj", "{43060C31-A8B5-497C-8291-EA3FF0B22CC4}"
EndProject
Project("{FAE04EC0-301F-11D3-BF4B-00C04F79EFBC}") = "Metotlar", "Metotlar\Metotlar.csproj", "{04DF278C-84FF-4075-9356-8DA5656A663B}"
EndProject
Project("{FAE04EC0-301F-11D3-BF4B-00C04F79EFBC}") = "Matematik", "Matematik\Matematik.csproj", "{4FD80D1A-D9E0-460D-B737-16F0882E08AB}"
EndProject
Project("{FAE04EC0-301F-11D3-BF4B-00C04F79EFBC}") = "DegerVeReferansTipler", "DegerVeReferansTipler\DegerVeReferansTipler.csproj", "{8CD8BCD1-8EB7-465E-983C-0F6650D25410}"
EndProject
Global
	GlobalSection(SolutionConfigurationPlatforms) = preSolution
		Debug|Any CPU = Debug|Any CPU
		Release|Any CPU = Release|Any CPU
	EndGlobalSection
	GlobalSection(ProjectConfigurationPlatforms) = postSolution
		{BB27E1A7-8481-4C31-A9F2-57DD8481FAE5}.Debug|Any CPU.ActiveCfg = Debug|Any CPU
		{BB27E1A7-8481-4C31-A9F2-57DD8481FAE5}.Debug|Any CPU.Build.0 = Debug|Any CPU
		{BB27E1A7-8481-4C31-A9F2-57DD8481FAE5}.Release|Any CPU.ActiveCfg = Release|Any CPU
		{BB27E1A7-8481-4C31-A9F2-57DD8481FAE5}.Release|Any CPU.Build.0 = Release|Any CPU
		{BC7361D9-FC65-4816-A632-6F24483E238B}.Debug|Any CPU.ActiveCfg = Debug|Any CPU
		{BC7361D9-FC65-4816-A632-6F24483E238B}.Debug|Any CPU.Build.0 = Debug|Any CPU
		{BC7361D9-FC65-4816-A632-6F24483E238B}.Release|Any CPU.ActiveCfg = Release|Any CPU
		{BC7361D9-FC65-4816-A632-6F24483E238B}.Release|Any CPU.Build.0 = Release|Any CPU
		{43060C31-A8B5-497C-8291-EA3FF0B22CC4}.Debug|Any CPU.ActiveCfg = Debug|Any CPU
		{43060C31-A8B5-497C-8291-EA3FF0B22CC4}.Debug|Any CPU.Build.0 = Debug|Any CPU
		{43060C31-A8B5-497C-8291-EA3FF0B22CC4}.Release|Any CPU.ActiveCfg = Release|Any CPU
		{43060C31-A8B5-497C-8291-EA3FF0B22CC4}.Release|Any CPU.Build.0 = Release|Any CPU
		{04DF278C-84FF-4075-9356-8DA5656A663B}.Debug|Any CPU.ActiveCfg = Debug|Any CPU
		{04DF278C-84FF-4075-9356-8DA5656A663B}.Debug|Any CPU.Build.0 = Debug|Any CPU
		{04DF278C-84FF-4075-9356-8DA5656A663B}.Release|Any CPU.ActiveCfg = Release|Any CPU
		{04DF278C-84FF-4075-9356-8DA5656A663B}.Release|Any CPU.Build.0 = Release|Any CPU
		{4FD80D1A-D9E0-460D-B737-16F0882E08AB}.Debug|Any CPU.ActiveCfg = Debug|Any CPU
		{4FD80D1A-D9E0-460D-B737-16F0882E08AB}.Debug|Any CPU.Build.0 = Debug|Any CPU
		{4FD80D1A-D9E0-460D-B737-16F0882E08AB}.Release|Any CPU.ActiveCfg = Release|Any CPU
		{4FD80D1A-D9E0-460D-B737-16F0882E08AB}.Release|Any CPU.Build.0 = Release|Any CPU
		{8CD8BCD1-8EB7-465E-983C-0F6650D25410}.Debug|Any CPU.ActiveCfg = Debug|Any CPU
		{8CD8BCD1-8EB7-465E-983C-0F6650D25410}.Debug|Any CPU.Build.0 = Debug|Any CPU
		{8CD8BCD1-8EB7-465E-983C-0F6650D25410}.Release|Any CPU.ActiveCfg = Release|Any CPU
		{8CD8BCD1-8EB7-465E-983C-0F6650D25410}.Release|Any CPU.Build.0 = Release|Any CPU
	EndGlobalSection
	GlobalSection(SolutionProperties) = preSolution
		HideSolutionNode = FALSE
	EndGlobalSection
	GlobalSection(ExtensibilityGlobals) = postSolution
		SolutionGuid = {83387B4E-18F9-47C5-AF8D-FE49C0D01C6F}
	EndGlobalSection
EndGlobal
